
Microsoft Visual Studio Solution File, Format Version 12.00
# Visual Studio Version 17
VisualStudioVersion = 17.11.35312.102
MinimumVisualStudioVersion = 10.0.40219.1
Project("{FAE04EC0-301F-11D3-BF4B-00C04F79EFBC}") = "WhileDoWhile", "WhileDoWhile\WhileDoWhile.csproj", "{ABDDB942-7280-49A4-9EF6-B4CB2400B7F0}"
EndProject
Global
	GlobalSection(SolutionConfigurationPlatforms) = preSolution
		Debug|Any CPU = Debug|Any CPU
		Release|Any CPU = Release|Any CPU
	EndGlobalSection
	GlobalSection(ProjectConfigurationPlatforms) = postSolution
		{ABDDB942-7280-49A4-9EF6-B4CB2400B7F0}.Debug|Any CPU.ActiveCfg = Debug|Any CPU
		{ABDDB942-7280-49A4-9EF6-B4CB2400B7F0}.Debug|Any CPU.Build.0 = Debug|Any CPU
		{ABDDB942-7280-49A4-9EF6-B4CB2400B7F0}.Release|Any CPU.ActiveCfg = Release|Any CPU
		{ABDDB942-7280-49A4-9EF6-B4CB2400B7F0}.Release|Any CPU.Build.0 = Release|Any CPU
	EndGlobalSection
	GlobalSection(SolutionProperties) = preSolution
		HideSolutionNode = FALSE
	EndGlobalSection
	GlobalSection(ExtensibilityGlobals) = postSolution
		SolutionGuid = {5EAC2C72-BB2E-4A2E-BA2B-6E9B0B831E3F}
	EndGlobalSection
EndGlobal
